Microsoft Visual Studio Solution File, Format Version 12.00
# Visual Studio Version 17
VisualStudioVersion = 17.5.2.0
MinimumVisualStudioVersion = 10.0.40219.1
Project("{FAE04EC0-301F-11D3-BF4B-00C04F79EFBC}") = "Front-Office-Concours-Admin", "Front-Office-Concours-Admin.csproj", "{D3697338-A722-2141-6FDA-7A2EFB8797D7}"
EndProject
Global
	GlobalSection(SolutionConfigurationPlatforms) = preSolution
		Debug|Any CPU = Debug|Any CPU
		Release|Any CPU = Release|Any CPU
	EndGlobalSection
	GlobalSection(ProjectConfigurationPlatforms) = postSolution
		{D3697338-A722-2141-6FDA-7A2EFB8797D7}.Debug|Any CPU.ActiveCfg = Debug|Any CPU
		{D3697338-A722-2141-6FDA-7A2EFB8797D7}.Debug|Any CPU.Build.0 = Debug|Any CPU
		{D3697338-A722-2141-6FDA-7A2EFB8797D7}.Release|Any CPU.ActiveCfg = Release|Any CPU
		{D3697338-A722-2141-6FDA-7A2EFB8797D7}.Release|Any CPU.Build.0 = Release|Any CPU
	EndGlobalSection
	GlobalSection(SolutionProperties) = preSolution
		HideSolutionNode = FALSE
	EndGlobalSection
	GlobalSection(ExtensibilityGlobals) = postSolution
		SolutionGuid = {AF0961E2-F52A-4DD7-8951-891B1C419A4B}
	EndGlobalSection
EndGlobal
